Microsoft Visual Studio Solution File, Format Version 12.00
# Visual Studio Version 17
VisualStudioVersion = 17.5.2.0
MinimumVisualStudioVersion = 10.0.40219.1
Project("{FAE04EC0-301F-11D3-BF4B-00C04F79EFBC}") = "MedicalClinicApi", "MedicalClinicApi.csproj", "{79526E01-9C20-E66A-D1DD-83600B65200D}"
EndProject
Global
	GlobalSection(SolutionConfigurationPlatforms) = preSolution
		Debug|Any CPU = Debug|Any CPU
		Release|Any CPU = Release|Any CPU
	EndGlobalSection
	GlobalSection(ProjectConfigurationPlatforms) = postSolution
		{79526E01-9C20-E66A-D1DD-83600B65200D}.Debug|Any CPU.ActiveCfg = Debug|Any CPU
		{79526E01-9C20-E66A-D1DD-83600B65200D}.Debug|Any CPU.Build.0 = Debug|Any CPU
		{79526E01-9C20-E66A-D1DD-83600B65200D}.Release|Any CPU.ActiveCfg = Release|Any CPU
		{79526E01-9C20-E66A-D1DD-83600B65200D}.Release|Any CPU.Build.0 = Release|Any CPU
	EndGlobalSection
	GlobalSection(SolutionProperties) = preSolution
		HideSolutionNode = FALSE
	EndGlobalSection
	GlobalSection(ExtensibilityGlobals) = postSolution
		SolutionGuid = {CC14C1E6-BD7F-408A-B46B-8306008383D6}
	EndGlobalSection
EndGlobal
